{
  "name": "colorimetry-ts",
  "version": "0.1.2",
  "lockfileVersion": 2,
  "requires": true,
  "packages": {
    "": {
      "name": "colorimetry-ts",
      "version": "0.1.2",
      "license": "MIT",
      "devDependencies": {
        "@types/big.js": "^6.1.2",
        "typescript": "^4.5.4"
      }
    },
    "node_modules/@types/big.js": {
      "version": "6.1.2",
      "resolved": "https://registry.npmjs.org/@types/big.js/-/big.js-6.1.2.tgz",
      "integrity": "sha512-h24JIZ52rvSvi2jkpYDk2yLH99VzZoCJiSfDWwjst7TwJVuXN61XVCUlPCzRl7mxKEMsGf8z42Q+J4TZwU3z2w==",
      "dev": true
    },
    "node_modules/typescript": {
      "version": "4.5.4",
      "resolved": "https://registry.npmjs.org/typescript/-/typescript-4.5.4.tgz",
      "integrity": "sha512-VgYs2A2QIRuGphtzFV7aQJduJ2gyfTljngLzjpfW9FoYZF6xuw1W0vW9ghCKLfcWrCFxK81CSGRAvS1pn4fIUg==",
      "dev": true,
      "bin": {
        "tsc": "bin/tsc",
        "tsserver": "bin/tsserver"
      },
      "engines": {
        "node": ">=4.2.0"
      }
    }
  },
  "dependencies": {
    "@types/big.js": {
      "version": "6.1.2",
      "resolved": "https://registry.npmjs.org/@types/big.js/-/big.js-6.1.2.tgz",
      "integrity": "sha512-h24JIZ52rvSvi2jkpYDk2yLH99VzZoCJiSfDWwjst7TwJVuXN61XVCUlPCzRl7mxKEMsGf8z42Q+J4TZwU3z2w==",
      "dev": true
    },
    "typescript": {
      "version": "4.5.4",
      "resolved": "https://registry.npmjs.org/typescript/-/typescript-4.5.4.tgz",
      "integrity": "sha512-VgYs2A2QIRuGphtzFV7aQJduJ2gyfTljngLzjpfW9FoYZF6xuw1W0vW9ghCKLfcWrCFxK81CSGRAvS1pn4fIUg==",
      "dev": true
    }
  }
}
